
Microsoft Visual Studio Solution File, Format Version 12.00
# Visual Studio Version 16
VisualStudioVersion = 16.0.28803.156
MinimumVisualStudioVersion = 10.0.40219.1
Project("{FAE04EC0-301F-11D3-BF4B-00C04F79EFBC}") = "control", "control\control.csproj", "{3BAE1EEE-4277-4500-9E47-1A7F76CABFB3}"
EndProject
Global
	GlobalSection(SolutionConfigurationPlatforms) = preSolution
		Debug|Any CPU = Debug|Any CPU
		Release|Any CPU = Release|Any CPU
	EndGlobalSection
	GlobalSection(ProjectConfigurationPlatforms) = postSolution
		{3BAE1EEE-4277-4500-9E47-1A7F76CABFB3}.Debug|Any CPU.ActiveCfg = Debug|Any CPU
		{3BAE1EEE-4277-4500-9E47-1A7F76CABFB3}.Debug|Any CPU.Build.0 = Debug|Any CPU
		{3BAE1EEE-4277-4500-9E47-1A7F76CABFB3}.Release|Any CPU.ActiveCfg = Release|Any CPU
		{3BAE1EEE-4277-4500-9E47-1A7F76CABFB3}.Release|Any CPU.Build.0 = Release|Any CPU
	EndGlobalSection
	GlobalSection(SolutionProperties) = preSolution
		HideSolutionNode = FALSE
	EndGlobalSection
	GlobalSection(ExtensibilityGlobals) = postSolution
		SolutionGuid = {5BE7613C-7558-4DEF-8C14-AEC8F3B5F58E}
	EndGlobalSection
EndGlobal
